
Microsoft Visual Studio Solution File, Format Version 12.00
# Visual Studio Version 17
VisualStudioVersion = 17.6.33513.286
MinimumVisualStudioVersion = 10.0.40219.1
Project("{9A19103F-16F7-4668-BE54-9A1E7A4F7556}") = "HRM_Design", "HRM_Design\HRM_Design.csproj", "{22A1BEB9-339F-4DEE-9563-3F7821F54015}"
EndProject
Project("{FAE04EC0-301F-11D3-BF4B-00C04F79EFBC}") = "HRM_Infrastructure", "HRM_Infrastructure\HRM_Infrastructure.csproj", "{D4716E2A-53BE-4681-BD4A-E26B7EDB1DA6}"
EndProject
Project("{FAE04EC0-301F-11D3-BF4B-00C04F79EFBC}") = "HRM_SuThanhHoa", "HRM_SuThanhHoa\HRM_SuThanhHoa.csproj", "{74237E97-FE1C-4C47-9508-7631F24EDBBA}"
EndProject
Global
	GlobalSection(SolutionConfigurationPlatforms) = preSolution
		Debug|Any CPU = Debug|Any CPU
		Release|Any CPU = Release|Any CPU
	EndGlobalSection
	GlobalSection(ProjectConfigurationPlatforms) = postSolution
		{22A1BEB9-339F-4DEE-9563-3F7821F54015}.Debug|Any CPU.ActiveCfg = Debug|Any CPU
		{22A1BEB9-339F-4DEE-9563-3F7821F54015}.Debug|Any CPU.Build.0 = Debug|Any CPU
		{22A1BEB9-339F-4DEE-9563-3F7821F54015}.Release|Any CPU.ActiveCfg = Release|Any CPU
		{22A1BEB9-339F-4DEE-9563-3F7821F54015}.Release|Any CPU.Build.0 = Release|Any CPU
		{D4716E2A-53BE-4681-BD4A-E26B7EDB1DA6}.Debug|Any CPU.ActiveCfg = Debug|Any CPU
		{D4716E2A-53BE-4681-BD4A-E26B7EDB1DA6}.Debug|Any CPU.Build.0 = Debug|Any CPU
		{D4716E2A-53BE-4681-BD4A-E26B7EDB1DA6}.Release|Any CPU.ActiveCfg = Release|Any CPU
		{D4716E2A-53BE-4681-BD4A-E26B7EDB1DA6}.Release|Any CPU.Build.0 = Release|Any CPU
		{74237E97-FE1C-4C47-9508-7631F24EDBBA}.Debug|Any CPU.ActiveCfg = Debug|Any CPU
		{74237E97-FE1C-4C47-9508-7631F24EDBBA}.Debug|Any CPU.Build.0 = Debug|Any CPU
		{74237E97-FE1C-4C47-9508-7631F24EDBBA}.Release|Any CPU.ActiveCfg = Release|Any CPU
		{74237E97-FE1C-4C47-9508-7631F24EDBBA}.Release|Any CPU.Build.0 = Release|Any CPU
	EndGlobalSection
	GlobalSection(SolutionProperties) = preSolution
		HideSolutionNode = FALSE
	EndGlobalSection
	GlobalSection(ExtensibilityGlobals) = postSolution
		SolutionGuid = {D8B36169-2AA7-47A0-BBFB-E838B2DA07B5}
	EndGlobalSection
EndGlobal
